
Microsoft Visual Studio Solution File, Format Version 12.00
# Visual Studio Version 16
VisualStudioVersion = 16.0.31205.134
MinimumVisualStudioVersion = 10.0.40219.1
Project("{FAE04EC0-301F-11D3-BF4B-00C04F79EFBC}") = "RackerRank", "RackerRank\RackerRank.csproj", "{8973D338-EE34-4AC3-981C-BC65B410AA30}"
EndProject
Global
	GlobalSection(SolutionConfigurationPlatforms) = preSolution
		Debug|Any CPU = Debug|Any CPU
		Release|Any CPU = Release|Any CPU
	EndGlobalSection
	GlobalSection(ProjectConfigurationPlatforms) = postSolution
		{8973D338-EE34-4AC3-981C-BC65B410AA30}.Debug|Any CPU.ActiveCfg = Debug|Any CPU
		{8973D338-EE34-4AC3-981C-BC65B410AA30}.Debug|Any CPU.Build.0 = Debug|Any CPU
		{8973D338-EE34-4AC3-981C-BC65B410AA30}.Release|Any CPU.ActiveCfg = Release|Any CPU
		{8973D338-EE34-4AC3-981C-BC65B410AA30}.Release|Any CPU.Build.0 = Release|Any CPU
	EndGlobalSection
	GlobalSection(SolutionProperties) = preSolution
		HideSolutionNode = FALSE
	EndGlobalSection
	GlobalSection(ExtensibilityGlobals) = postSolution
		SolutionGuid = {5AD8CD88-7F4E-4DCC-BEE9-9191B3B9B31E}
	EndGlobalSection
EndGlobal
